
Microsoft Visual Studio Solution File, Format Version 12.00
# Visual Studio Version 16
VisualStudioVersion = 16.0.32002.261
MinimumVisualStudioVersion = 10.0.40219.1
Project("{FAE04EC0-301F-11D3-BF4B-00C04F79EFBC}") = "WeatherUI", "WeatherUI\WeatherUI.csproj", "{491340AD-6BE8-4625-80B6-6C0F9A206002}"
EndProject
Global
	GlobalSection(SolutionConfigurationPlatforms) = preSolution
		Debug|Any CPU = Debug|Any CPU
		Release|Any CPU = Release|Any CPU
	EndGlobalSection
	GlobalSection(ProjectConfigurationPlatforms) = postSolution
		{491340AD-6BE8-4625-80B6-6C0F9A206002}.Debug|Any CPU.ActiveCfg = Debug|Any CPU
		{491340AD-6BE8-4625-80B6-6C0F9A206002}.Debug|Any CPU.Build.0 = Debug|Any CPU
		{491340AD-6BE8-4625-80B6-6C0F9A206002}.Release|Any CPU.ActiveCfg = Release|Any CPU
		{491340AD-6BE8-4625-80B6-6C0F9A206002}.Release|Any CPU.Build.0 = Release|Any CPU
	EndGlobalSection
	GlobalSection(SolutionProperties) = preSolution
		HideSolutionNode = FALSE
	EndGlobalSection
	GlobalSection(ExtensibilityGlobals) = postSolution
		SolutionGuid = {5B307A77-C64F-400E-8C8D-16BDAFDDE0D8}
	EndGlobalSection
EndGlobal
