
Microsoft Visual Studio Solution File, Format Version 12.00
# Visual Studio Version 16
VisualStudioVersion = 16.0.31829.152
MinimumVisualStudioVersion = 10.0.40219.1
Project("{FAE04EC0-301F-11D3-BF4B-00C04F79EFBC}") = "Class Library", "Class Library\Class Library.csproj", "{3FE43AD1-EBE9-4CE6-8907-4EB72EEBFF8F}"
EndProject
Project("{FAE04EC0-301F-11D3-BF4B-00C04F79EFBC}") = "Console Application", "Console Application\Console Application.csproj", "{3BA6C455-7B48-4BBC-94FC-91D35091D12E}"
	ProjectSection(ProjectDependencies) = postProject
		{3FE43AD1-EBE9-4CE6-8907-4EB72EEBFF8F} = {3FE43AD1-EBE9-4CE6-8907-4EB72EEBFF8F}
	EndProjectSection
EndProject
Global
	GlobalSection(SolutionConfigurationPlatforms) = preSolution
		Debug|Any CPU = Debug|Any CPU
		Release|Any CPU = Release|Any CPU
	EndGlobalSection
	GlobalSection(ProjectConfigurationPlatforms) = postSolution
		{3FE43AD1-EBE9-4CE6-8907-4EB72EEBFF8F}.Debug|Any CPU.ActiveCfg = Debug|Any CPU
		{3FE43AD1-EBE9-4CE6-8907-4EB72EEBFF8F}.Debug|Any CPU.Build.0 = Debug|Any CPU
		{3FE43AD1-EBE9-4CE6-8907-4EB72EEBFF8F}.Release|Any CPU.ActiveCfg = Release|Any CPU
		{3FE43AD1-EBE9-4CE6-8907-4EB72EEBFF8F}.Release|Any CPU.Build.0 = Release|Any CPU
		{3BA6C455-7B48-4BBC-94FC-91D35091D12E}.Debug|Any CPU.ActiveCfg = Debug|Any CPU
		{3BA6C455-7B48-4BBC-94FC-91D35091D12E}.Debug|Any CPU.Build.0 = Debug|Any CPU
		{3BA6C455-7B48-4BBC-94FC-91D35091D12E}.Release|Any CPU.ActiveCfg = Release|Any CPU
		{3BA6C455-7B48-4BBC-94FC-91D35091D12E}.Release|Any CPU.Build.0 = Release|Any CPU
	EndGlobalSection
	GlobalSection(SolutionProperties) = preSolution
		HideSolutionNode = FALSE
	EndGlobalSection
	GlobalSection(ExtensibilityGlobals) = postSolution
		SolutionGuid = {0EB4C9B7-EE06-45FA-A1B2-F593E7C639A3}
	EndGlobalSection
EndGlobal
